
Microsoft Visual Studio Solution File, Format Version 12.00
# Visual Studio Version 17
VisualStudioVersion = 17.4.33213.308
MinimumVisualStudioVersion = 10.0.40219.1
Project("{9A19103F-16F7-4668-BE54-9A1E7A4F7556}") = "ExerciciosTemperatura", "Exercicios\ExerciciosTemperatura.csproj", "{855C1D07-AC4E-4699-A9E5-FF00BADDFD72}"
EndProject
Project("{9A19103F-16F7-4668-BE54-9A1E7A4F7556}") = "ExerciciosNumerosMaior50", "ExerciciosNumerosMaior50\ExerciciosNumerosMaior50.csproj", "{8537AE72-A786-490E-8DB5-B4CD8B4D37B7}"
EndProject
Project("{9A19103F-16F7-4668-BE54-9A1E7A4F7556}") = "ExercicioQuantidadeNumerosPareseImpar", "ExercicioQuantidadeNumerosPareseImpar\ExercicioQuantidadeNumerosPareseImpar.csproj", "{CAFF9EC7-C531-478C-9B0C-6291539DB63B}"
EndProject
Project("{9A19103F-16F7-4668-BE54-9A1E7A4F7556}") = "ExercicioVetorInversa", "ExercicioVetorInversa\ExercicioVetorInversa.csproj", "{CA9C6713-6A77-4888-A2B3-3FE31F4D4E32}"
EndProject
Project("{9A19103F-16F7-4668-BE54-9A1E7A4F7556}") = "ExercicioInterligacaoVetores", "ExercicioInterligacaoVetores\ExercicioInterligacaoVetores.csproj", "{78B67BF3-7171-49D9-B051-0BDCF0A78387}"
EndProject
Project("{9A19103F-16F7-4668-BE54-9A1E7A4F7556}") = "ExercicioMatriculaSimultaneamente", "ExercicioMatriculaSimultaneamente\ExercicioMatriculaSimultaneamente.csproj", "{7931F7FA-50BD-4B1F-A8EF-D90297B6B85E}"
EndProject
Project("{FAE04EC0-301F-11D3-BF4B-00C04F79EFBC}") = "ExercicioMedianaAlunos", "ExercicioMedianaAlunos\ExercicioMedianaAlunos.csproj", "{EDAD4D25-464E-478F-ACAA-64BEAFD31ED9}"
EndProject
Global
	GlobalSection(SolutionConfigurationPlatforms) = preSolution
		Debug|Any CPU = Debug|Any CPU
		Release|Any CPU = Release|Any CPU
	EndGlobalSection
	GlobalSection(ProjectConfigurationPlatforms) = postSolution
		{855C1D07-AC4E-4699-A9E5-FF00BADDFD72}.Debug|Any CPU.ActiveCfg = Debug|Any CPU
		{855C1D07-AC4E-4699-A9E5-FF00BADDFD72}.Debug|Any CPU.Build.0 = Debug|Any CPU
		{855C1D07-AC4E-4699-A9E5-FF00BADDFD72}.Release|Any CPU.ActiveCfg = Release|Any CPU
		{855C1D07-AC4E-4699-A9E5-FF00BADDFD72}.Release|Any CPU.Build.0 = Release|Any CPU
		{8537AE72-A786-490E-8DB5-B4CD8B4D37B7}.Debug|Any CPU.ActiveCfg = Debug|Any CPU
		{8537AE72-A786-490E-8DB5-B4CD8B4D37B7}.Debug|Any CPU.Build.0 = Debug|Any CPU
		{8537AE72-A786-490E-8DB5-B4CD8B4D37B7}.Release|Any CPU.ActiveCfg = Release|Any CPU
		{8537AE72-A786-490E-8DB5-B4CD8B4D37B7}.Release|Any CPU.Build.0 = Release|Any CPU
		{CAFF9EC7-C531-478C-9B0C-6291539DB63B}.Debug|Any CPU.ActiveCfg = Debug|Any CPU
		{CAFF9EC7-C531-478C-9B0C-6291539DB63B}.Debug|Any CPU.Build.0 = Debug|Any CPU
		{CAFF9EC7-C531-478C-9B0C-6291539DB63B}.Release|Any CPU.ActiveCfg = Release|Any CPU
		{CAFF9EC7-C531-478C-9B0C-6291539DB63B}.Release|Any CPU.Build.0 = Release|Any CPU
		{CA9C6713-6A77-4888-A2B3-3FE31F4D4E32}.Debug|Any CPU.ActiveCfg = Debug|Any CPU
		{CA9C6713-6A77-4888-A2B3-3FE31F4D4E32}.Debug|Any CPU.Build.0 = Debug|Any CPU
		{CA9C6713-6A77-4888-A2B3-3FE31F4D4E32}.Release|Any CPU.ActiveCfg = Release|Any CPU
		{CA9C6713-6A77-4888-A2B3-3FE31F4D4E32}.Release|Any CPU.Build.0 = Release|Any CPU
		{78B67BF3-7171-49D9-B051-0BDCF0A78387}.Debug|Any CPU.ActiveCfg = Debug|Any CPU
		{78B67BF3-7171-49D9-B051-0BDCF0A78387}.Debug|Any CPU.Build.0 = Debug|Any CPU
		{78B67BF3-7171-49D9-B051-0BDCF0A78387}.Release|Any CPU.ActiveCfg = Release|Any CPU
		{78B67BF3-7171-49D9-B051-0BDCF0A78387}.Release|Any CPU.Build.0 = Release|Any CPU
		{7931F7FA-50BD-4B1F-A8EF-D90297B6B85E}.Debug|Any CPU.ActiveCfg = Debug|Any CPU
		{7931F7FA-50BD-4B1F-A8EF-D90297B6B85E}.Debug|Any CPU.Build.0 = Debug|Any CPU
		{7931F7FA-50BD-4B1F-A8EF-D90297B6B85E}.Release|Any CPU.ActiveCfg = Release|Any CPU
		{7931F7FA-50BD-4B1F-A8EF-D90297B6B85E}.Release|Any CPU.Build.0 = Release|Any CPU
		{EDAD4D25-464E-478F-ACAA-64BEAFD31ED9}.Debug|Any CPU.ActiveCfg = Debug|Any CPU
		{EDAD4D25-464E-478F-ACAA-64BEAFD31ED9}.Debug|Any CPU.Build.0 = Debug|Any CPU
		{EDAD4D25-464E-478F-ACAA-64BEAFD31ED9}.Release|Any CPU.ActiveCfg = Release|Any CPU
		{EDAD4D25-464E-478F-ACAA-64BEAFD31ED9}.Release|Any CPU.Build.0 = Release|Any CPU
	EndGlobalSection
	GlobalSection(SolutionProperties) = preSolution
		HideSolutionNode = FALSE
	EndGlobalSection
	GlobalSection(ExtensibilityGlobals) = postSolution
		SolutionGuid = {D261B579-0358-46C6-A5A7-CF88A2D1D07F}
	EndGlobalSection
EndGlobal
